
Microsoft Visual Studio Solution File, Format Version 12.00
# Visual Studio Version 17
VisualStudioVersion = 17.0.32014.148
MinimumVisualStudioVersion = 10.0.40219.1
Project("{FAE04EC0-301F-11D3-BF4B-00C04F79EFBC}") = "Snake-Game-Planning", "Snake-Game-Planning.csproj", "{9BBC9B04-7AE5-410F-AE8A-BBAE20ED9E17}"
EndProject
Global
	GlobalSection(SolutionConfigurationPlatforms) = preSolution
		Debug|Any CPU = Debug|Any CPU
		Release|Any CPU = Release|Any CPU
	EndGlobalSection
	GlobalSection(ProjectConfigurationPlatforms) = postSolution
		{9BBC9B04-7AE5-410F-AE8A-BBAE20ED9E17}.Debug|Any CPU.ActiveCfg = Debug|Any CPU
		{9BBC9B04-7AE5-410F-AE8A-BBAE20ED9E17}.Debug|Any CPU.Build.0 = Debug|Any CPU
		{9BBC9B04-7AE5-410F-AE8A-BBAE20ED9E17}.Release|Any CPU.ActiveCfg = Release|Any CPU
		{9BBC9B04-7AE5-410F-AE8A-BBAE20ED9E17}.Release|Any CPU.Build.0 = Release|Any CPU
	EndGlobalSection
	GlobalSection(SolutionProperties) = preSolution
		HideSolutionNode = FALSE
	EndGlobalSection
	GlobalSection(ExtensibilityGlobals) = postSolution
		SolutionGuid = {01DD1697-A903-46FB-8CE2-DB8ACDD4C6E5}
	EndGlobalSection
EndGlobal
